// !$*UTF8*$!
{
	archiveVersion = 1;
	classes = {
	};
	objectVersion = 46;
	objects = {

/* Begin PBXBuildFile section */
		A54FEA7B1808FD7F004BD309 /* Foundation.framework in Frameworks */ = {isa = PBXBuildFile; fileRef = A54FEA7A1808FD7F004BD309 /* Foundation.framework */; };
		A54FEA7D1808FD7F004BD309 /* CoreGraphics.framework in Frameworks */ = {isa = PBXBuildFile; fileRef = A54FEA7C1808FD7F004BD309 /* CoreGraphics.framework */; };
		A54FEA7F1808FD7F004BD309 /* UIKit.framework in Frameworks */ = {isa = PBXBuildFile; fileRef = A54FEA7E1808FD7F004BD309 /* UIKit.framework */; };
		A54FEA851808FD7F004BD309 /* InfoPlist.strings in Resources */ = {isa = PBXBuildFile; fileRef = A54FEA831808FD7F004BD309 /* InfoPlist.strings */; };
		A54FEA871808FD7F004BD309 /* main.m in Sources */ = {isa = PBXBuildFile; fileRef = A54FEA861808FD7F004BD309 /* main.m */; };
		A54FEA8B1808FD7F004BD309 /* AppDelegate.m in Sources */ = {isa = PBXBuildFile; fileRef = A54FEA8A1808FD7F004BD309 /* AppDelegate.m */; };
		A54FEA8E1808FD7F004BD309 /* Main_iPhone.storyboard in Resources */ = {isa = PBXBuildFile; fileRef = A54FEA8C1808FD7F004BD309 /* Main_iPhone.storyboard */; };
		A54FEA911808FD7F004BD309 /* Main_iPad.storyboard in Resources */ = {isa = PBXBuildFile; fileRef = A54FEA8F1808FD7F004BD309 /* Main_iPad.storyboard */; };
		A54FEA941808FD7F004BD309 /* ViewController.m in Sources */ = {isa = PBXBuildFile; fileRef = A54FEA931808FD7F004BD309 /* ViewController.m */; };
		A54FEA961808FD7F004BD309 /* Images.xcassets in Resources */ = {isa = PBXBuildFile; fileRef = A54FEA951808FD7F004BD309 /* Images.xcassets */; };
		A54FEAB41808FDBA004BD309 /* LineNumberTextView.m in Sources */ = {isa = PBXBuildFile; fileRef = A54FEAB31808FDBA004BD309 /* LineNumberTextView.m */; };
		A54FEAB71808FDD1004BD309 /* LineNumberLayoutManager.m in Sources */ = {isa = PBXBuildFile; fileRef = A54FEAB61808FDD1004BD309 /* LineNumberLayoutManager.m */; };
		A54FEABB1809080E004BD309 /* MyView.m in Sources */ = {isa = PBXBuildFile; fileRef = A54FEABA1809080E004BD309 /* MyView.m */; };
		A54FEABD18090DB2004BD309 /* Sample.rtf in Resources */ = {isa = PBXBuildFile; fileRef = A54FEABC18090DB2004BD309 /* Sample.rtf */; };
/* End PBXBuildFile section */

/* Begin PBXFileReference section */
		A54FEA771808FD7F004BD309 /* TextKit_LineNumbers.app */ = {isa = PBXFileReference; explicitFileType = wrapper.application; includeInIndex = 0; path = TextKit_LineNumbers.app; sourceTree = BUILT_PRODUCTS_DIR; };
		A54FEA7A1808FD7F004BD309 /* Foundation.framework */ = {isa = PBXFileReference; lastKnownFileType = wrapper.framework; name = Foundation.framework; path = System/Library/Frameworks/Foundation.framework; sourceTree = SDKROOT; };
		A54FEA7C1808FD7F004BD309 /* CoreGraphics.framework */ = {isa = PBXFileReference; lastKnownFileType = wrapper.framework; name = CoreGraphics.framework; path = System/Library/Frameworks/CoreGraphics.framework; sourceTree = SDKROOT; };
		A54FEA7E1808FD7F004BD309 /* UIKit.framework */ = {isa = PBXFileReference; lastKnownFileType = wrapper.framework; name = UIKit.framework; path = System/Library/Frameworks/UIKit.framework; sourceTree = SDKROOT; };
		A54FEA821808FD7F004BD309 /* TextKit_LineNumbers-Info.plist */ = {isa = PBXFileReference; lastKnownFileType = text.plist.xml; path = "TextKit_LineNumbers-Info.plist"; sourceTree = "<group>"; };
		A54FEA841808FD7F004BD309 /* en */ = {isa = PBXFileReference; lastKnownFileType = text.plist.strings; name = en; path = en.lproj/InfoPlist.strings; sourceTree = "<group>"; };
		A54FEA861808FD7F004BD309 /* main.m */ = {isa = PBXFileReference; lastKnownFileType = sourcecode.c.objc; path = main.m; sourceTree = "<group>"; };
		A54FEA881808FD7F004BD309 /* TextKit_LineNumbers-Prefix.pch */ = {isa = PBXFileReference; lastKnownFileType = sourcecode.c.h; path = "TextKit_LineNumbers-Prefix.pch"; sourceTree = "<group>"; };
		A54FEA891808FD7F004BD309 /* AppDelegate.h */ = {isa = PBXFileReference; lastKnownFileType = sourcecode.c.h; path = AppDelegate.h; sourceTree = "<group>"; };
		A54FEA8A1808FD7F004BD309 /* AppDelegate.m */ = {isa = PBXFileReference; lastKnownFileType = sourcecode.c.objc; path = AppDelegate.m; sourceTree = "<group>"; };
		A54FEA8D1808FD7F004BD309 /* Base */ = {isa = PBXFileReference; lastKnownFileType = file.storyboard; name = Base; path = Base.lproj/Main_iPhone.storyboard; sourceTree = "<group>"; };
		A54FEA901808FD7F004BD309 /* Base */ = {isa = PBXFileReference; lastKnownFileType = file.storyboard; name = Base; path = Base.lproj/Main_iPad.storyboard; sourceTree = "<group>"; };
		A54FEA921808FD7F004BD309 /* ViewController.h */ = {isa = PBXFileReference; lastKnownFileType = sourcecode.c.h; path = ViewController.h; sourceTree = "<group>"; };
		A54FEA931808FD7F004BD309 /* ViewController.m */ = {isa = PBXFileReference; lastKnownFileType = sourcecode.c.objc; path = ViewController.m; sourceTree = "<group>"; };
		A54FEA951808FD7F004BD309 /* Images.xcassets */ = {isa = PBXFileReference; lastKnownFileType = folder.assetcatalog; path = Images.xcassets; sourceTree = "<group>"; };
		A54FEA9C1808FD7F004BD309 /* XCTest.framework */ = {isa = PBXFileReference; lastKnownFileType = wrapper.framework; name = XCTest.framework; path = Library/Frameworks/XCTest.framework; sourceTree = DEVELOPER_DIR; };
		A54FEAB21808FDBA004BD309 /* LineNumberTextView.h */ = {isa = PBXFileReference; fileEncoding = 4; lastKnownFileType = sourcecode.c.h; path = LineNumberTextView.h; sourceTree = "<group>"; };
		A54FEAB31808FDBA004BD309 /* LineNumberTextView.m */ = {isa = PBXFileReference; fileEncoding = 4; lastKnownFileType = sourcecode.c.objc; path = LineNumberTextView.m; sourceTree = "<group>"; };
		A54FEAB51808FDD1004BD309 /* LineNumberLayoutManager.h */ = {isa = PBXFileReference; fileEncoding = 4; lastKnownFileType = sourcecode.c.h; path = LineNumberLayoutManager.h; sourceTree = "<group>"; };
		A54FEAB61808FDD1004BD309 /* LineNumberLayoutManager.m */ = {isa = PBXFileReference; fileEncoding = 4; lastKnownFileType = sourcecode.c.objc; path = LineNumberLayoutManager.m; sourceTree = "<group>"; };
		A54FEAB91809080E004BD309 /* MyView.h */ = {isa = PBXFileReference; fileEncoding = 4; lastKnownFileType = sourcecode.c.h; path = MyView.h; sourceTree = "<group>"; };
		A54FEABA1809080E004BD309 /* MyView.m */ = {isa = PBXFileReference; fileEncoding = 4; lastKnownFileType = sourcecode.c.objc; path = MyView.m; sourceTree = "<group>"; };
		A54FEABC18090DB2004BD309 /* Sample.rtf */ = {isa = PBXFileReference; fileEncoding = 4; lastKnownFileType = text.rtf; path = Sample.rtf; sourceTree = "<group>"; };
/* End PBXFileReference section */

/* Begin PBXFrameworksBuildPhase section */
		A54FEA741808FD7F004BD309 /* Frameworks */ = {
			isa = PBXFrameworksBuildPhase;
			buildActionMask = 2147483647;
			files = (
				A54FEA7D1808FD7F004BD309 /* CoreGraphics.framework in Frameworks */,
				A54FEA7F1808FD7F004BD309 /* UIKit.framework in Frameworks */,
				A54FEA7B1808FD7F004BD309 /* Foundation.framework in Frameworks */,
			);
			runOnlyForDeploymentPostprocessing = 0;
		};
/* End PBXFrameworksBuildPhase section */

/* Begin PBXGroup section */
		A54FEA6E1808FD7F004BD309 = {
			isa = PBXGroup;
			children = (
				A54FEA801808FD7F004BD309 /* TextKit_LineNumbers */,
				A54FEA791808FD7F004BD309 /* Frameworks */,
				A54FEA781808FD7F004BD309 /* Products */,
			);
			sourceTree = "<group>";
		};
		A54FEA781808FD7F004BD309 /* Products */ = {
			isa = PBXGroup;
			children = (
				A54FEA771808FD7F004BD309 /* TextKit_LineNumbers.app */,
			);
			name = Products;
			sourceTree = "<group>";
		};
		A54FEA791808FD7F004BD309 /* Frameworks */ = {
			isa = PBXGroup;
			children = (
				A54FEA7A1808FD7F004BD309 /* Foundation.framework */,
				A54FEA7C1808FD7F004BD309 /* CoreGraphics.framework */,
				A54FEA7E1808FD7F004BD309 /* UIKit.framework */,
				A54FEA9C1808FD7F004BD309 /* XCTest.framework */,
			);
			name = Frameworks;
			sourceTree = "<group>";
		};
		A54FEA801808FD7F004BD309 /* TextKit_LineNumbers */ = {
			isa = PBXGroup;
			children = (
				A54FEA8C1808FD7F004BD309 /* Main_iPhone.storyboard */,
				A54FEA8F1808FD7F004BD309 /* Main_iPad.storyboard */,
				A54FEA891808FD7F004BD309 /* AppDelegate.h */,
				A54FEA8A1808FD7F004BD309 /* AppDelegate.m */,
				A54FEA921808FD7F004BD309 /* ViewController.h */,
				A54FEA931808FD7F004BD309 /* ViewController.m */,
				A54FEAB91809080E004BD309 /* MyView.h */,
				A54FEABA1809080E004BD309 /* MyView.m */,
				A54FEAB21808FDBA004BD309 /* LineNumberTextView.h */,
				A54FEAB31808FDBA004BD309 /* LineNumberTextView.m */,
				A54FEAB51808FDD1004BD309 /* LineNumberLayoutManager.h */,
				A54FEAB61808FDD1004BD309 /* LineNumberLayoutManager.m */,
				A54FEABC18090DB2004BD309 /* Sample.rtf */,
				A54FEA951808FD7F004BD309 /* Images.xcassets */,
				A54FEA811808FD7F004BD309 /* Supporting Files */,
			);
			path = TextKit_LineNumbers;
			sourceTree = "<group>";
		};
		A54FEA811808FD7F004BD309 /* Supporting Files */ = {
			isa = PBXGroup;
			children = (
				A54FEA821808FD7F004BD309 /* TextKit_LineNumbers-Info.plist */,
				A54FEA831808FD7F004BD309 /* InfoPlist.strings */,
				A54FEA861808FD7F004BD309 /* main.m */,
				A54FEA881808FD7F004BD309 /* TextKit_LineNumbers-Prefix.pch */,
			);
			name = "Supporting Files";
			sourceTree = "<group>";
		};
/* End PBXGroup section */

/* Begin PBXNativeTarget section */
		A54FEA761808FD7F004BD309 /* TextKit_LineNumbers */ = {
			isa = PBXNativeTarget;
			buildConfigurationList = A54FEAAC1808FD7F004BD309 /* Build configuration list for PBXNativeTarget "TextKit_LineNumbers" */;
			buildPhases = (
				A54FEA731808FD7F004BD309 /* Sources */,
				A54FEA741808FD7F004BD309 /* Frameworks */,
				A54FEA751808FD7F004BD309 /* Resources */,
			);
			buildRules = (
			);
			dependencies = (
			);
			name = TextKit_LineNumbers;
			productName = TextKit_LineNumbers;
			productReference = A54FEA771808FD7F004BD309 /* TextKit_LineNumbers.app */;
			productType = "com.apple.product-type.application";
		};
/* End PBXNativeTarget section */

/* Begin PBXProject section */
		A54FEA6F1808FD7F004BD309 /* Project object */ = {
			isa = PBXProject;
			attributes = {
				LastUpgradeCheck = 0500;
				ORGANIZATIONNAME = "Late Night Software Ltd.";
			};
			buildConfigurationList = A54FEA721808FD7F004BD309 /* Build configuration list for PBXProject "TextKit_LineNumbers" */;
			compatibilityVersion = "Xcode 3.2";
			developmentRegion = English;
			hasScannedForEncodings = 0;
			knownRegions = (
				en,
				Base,
			);
			mainGroup = A54FEA6E1808FD7F004BD309;
			productRefGroup = A54FEA781808FD7F004BD309 /* Products */;
			projectDirPath = "";
			projectRoot = "";
			targets = (
				A54FEA761808FD7F004BD309 /* TextKit_LineNumbers */,
			);
		};
/* End PBXProject section */

/* Begin PBXResourcesBuildPhase section */
		A54FEA751808FD7F004BD309 /* Resources */ = {
			isa = PBXResourcesBuildPhase;
			buildActionMask = 2147483647;
			files = (
				A54FEA911808FD7F004BD309 /* Main_iPad.storyboard in Resources */,
				A54FEA961808FD7F004BD309 /* Images.xcassets in Resources */,
				A54FEA8E1808FD7F004BD309 /* Main_iPhone.storyboard in Resources */,
				A54FEABD18090DB2004BD309 /* Sample.rtf in Resources */,
				A54FEA851808FD7F004BD309 /* InfoPlist.strings in Resources */,
			);
			runOnlyForDeploymentPostprocessing = 0;
		};
/* End PBXResourcesBuildPhase section */

/* Begin PBXSourcesBuildPhase section */
		A54FEA731808FD7F004BD309 /* Sources */ = {
			isa = PBXSourcesBuildPhase;
			buildActionMask = 2147483647;
			files = (
				A54FEAB71808FDD1004BD309 /* LineNumberLayoutManager.m in Sources */,
				A54FEAB41808FDBA004BD309 /* LineNumberTextView.m in Sources */,
				A54FEABB1809080E004BD309 /* MyView.m in Sources */,
				A54FEA941808FD7F004BD309 /* ViewController.m in Sources */,
				A54FEA8B1808FD7F004BD309 /* AppDelegate.m in Sources */,
				A54FEA871808FD7F004BD309 /* main.m in Sources */,
			);
			runOnlyForDeploymentPostprocessing = 0;
		};
/* End PBXSourcesBuildPhase section */

/* Begin PBXVariantGroup section */
		A54FEA831808FD7F004BD309 /* InfoPlist.strings */ = {
			isa = PBXVariantGroup;
			children = (
				A54FEA841808FD7F004BD309 /* en */,
			);
			name = InfoPlist.strings;
			sourceTree = "<group>";
		};
		A54FEA8C1808FD7F004BD309 /* Main_iPhone.storyboard */ = {
			isa = PBXVariantGroup;
			children = (
				A54FEA8D1808FD7F004BD309 /* Base */,
			);
			name = Main_iPhone.storyboard;
			sourceTree = "<group>";
		};
		A54FEA8F1808FD7F004BD309 /* Main_iPad.storyboard */ = {
			isa = PBXVariantGroup;
			children = (
				A54FEA901808FD7F004BD309 /* Base */,
			);
			name = Main_iPad.storyboard;
			sourceTree = "<group>";
		};
/* End PBXVariantGroup section */

/* Begin XCBuildConfiguration section */
		A54FEAAA1808FD7F004BD309 /* Debug */ = {
			isa = XCBuildConfiguration;
			buildSettings = {
				ALWAYS_SEARCH_USER_PATHS = NO;
				ARCHS = "$(ARCHS_STANDARD_INCLUDING_64_BIT)";
				CLANG_CXX_LANGUAGE_STANDARD = "gnu++0x";
				CLANG_CXX_LIBRARY = "libc++";
				CLANG_ENABLE_MODULES = YES;
				CLANG_ENABLE_OBJC_ARC = YES;
				CLANG_WARN_BOOL_CONVERSION = YES;
				CLANG_WARN_CONSTANT_CONVERSION = YES;
				CLANG_WARN_DIRECT_OBJC_ISA_USAGE = YES_ERROR;
				CLANG_WARN_EMPTY_BODY = YES;
				CLANG_WARN_ENUM_CONVERSION = YES;
				CLANG_WARN_INT_CONVERSION = YES;
				CLANG_WARN_OBJC_ROOT_CLASS = YES_ERROR;
				CLANG_WARN__DUPLICATE_METHOD_MATCH = YES;
				"CODE_SIGN_IDENTITY[sdk=iphoneos*]" = "iPhone Developer";
				COPY_PHASE_STRIP = NO;
				GCC_C_LANGUAGE_STANDARD = gnu99;
				GCC_DYNAMIC_NO_PIC = NO;
				GCC_OPTIMIZATION_LEVEL = 0;
				GCC_PREPROCESSOR_DEFINITIONS = (
					"DEBUG=1",
					"$(inherited)",
				);
				GCC_SYMBOLS_PRIVATE_EXTERN = NO;
				GCC_WARN_64_TO_32_BIT_CONVERSION = YES;
				GCC_WARN_ABOUT_RETURN_TYPE = YES_ERROR;
				GCC_WARN_UNDECLARED_SELECTOR = YES;
				GCC_WARN_UNINITIALIZED_AUTOS = YES;
				GCC_WARN_UNUSED_FUNCTION = YES;
				GCC_WARN_UNUSED_VARIABLE = YES;
				IPHONEOS_DEPLOYMENT_TARGET = 7.0;
				ONLY_ACTIVE_ARCH = YES;
				SDKROOT = iphoneos;
				TARGETED_DEVICE_FAMILY = "1,2";
			};
			name = Debug;
		};
		A54FEAAB1808FD7F004BD309 /* Release */ = {
			isa = XCBuildConfiguration;
			buildSettings = {
				ALWAYS_SEARCH_USER_PATHS = NO;
				ARCHS = "$(ARCHS_STANDARD_INCLUDING_64_BIT)";
				CLANG_CXX_LANGUAGE_STANDARD = "gnu++0x";
				CLANG_CXX_LIBRARY = "libc++";
				CLANG_ENABLE_MODULES = YES;
				CLANG_ENABLE_OBJC_ARC = YES;
				CLANG_WARN_BOOL_CONVERSION = YES;
				CLANG_WARN_CONSTANT_CONVERSION = YES;
				CLANG_WARN_DIRECT_OBJC_ISA_USAGE = YES_ERROR;
				CLANG_WARN_EMPTY_BODY = YES;
				CLANG_WARN_ENUM_CONVERSION = YES;
				CLANG_WARN_INT_CONVERSION = YES;
				CLANG_WARN_OBJC_ROOT_CLASS = YES_ERROR;
				CLANG_WARN__DUPLICATE_METHOD_MATCH = YES;
				"CODE_SIGN_IDENTITY[sdk=iphoneos*]" = "iPhone Developer";
				COPY_PHASE_STRIP = YES;
				ENABLE_NS_ASSERTIONS = NO;
				GCC_C_LANGUAGE_STANDARD = gnu99;
				GCC_WARN_64_TO_32_BIT_CONVERSION = YES;
				GCC_WARN_ABOUT_RETURN_TYPE = YES_ERROR;
				GCC_WARN_UNDECLARED_SELECTOR = YES;
				GCC_WARN_UNINITIALIZED_AUTOS = YES;
				GCC_WARN_UNUSED_FUNCTION = YES;
				GCC_WARN_UNUSED_VARIABLE = YES;
				IPHONEOS_DEPLOYMENT_TARGET = 7.0;
				SDKROOT = iphoneos;
				TARGETED_DEVICE_FAMILY = "1,2";
				VALIDATE_PRODUCT = YES;
			};
			name = Release;
		};
		A54FEAAD1808FD7F004BD309 /* Debug */ = {
			isa = XCBuildConfiguration;
			buildSettings = {
				ASSETCATALOG_COMPILER_APPICON_NAME = AppIcon;
				ASSETCATALOG_COMPILER_LAUNCHIMAGE_NAME = LaunchImage;
				GCC_PRECOMPILE_PREFIX_HEADER = YES;
				GCC_PREFIX_HEADER = "TextKit_LineNumbers/TextKit_LineNumbers-Prefix.pch";
				INFOPLIST_FILE = "TextKit_LineNumbers/TextKit_LineNumbers-Info.plist";
				PRODUCT_NAME = "$(TARGET_NAME)";
				TARGETED_DEVICE_FAMILY = 2;
				WRAPPER_EXTENSION = app;
			};
			name = Debug;
		};
		A54FEAAE1808FD7F004BD309 /* Release */ = {
			isa = XCBuildConfiguration;
			buildSettings = {
				ASSETCATALOG_COMPILER_APPICON_NAME = AppIcon;
				ASSETCATALOG_COMPILER_LAUNCHIMAGE_NAME = LaunchImage;
				GCC_PRECOMPILE_PREFIX_HEADER = YES;
				GCC_PREFIX_HEADER = "TextKit_LineNumbers/TextKit_LineNumbers-Prefix.pch";
				INFOPLIST_FILE = "TextKit_LineNumbers/TextKit_LineNumbers-Info.plist";
				PRODUCT_NAME = "$(TARGET_NAME)";
				TARGETED_DEVICE_FAMILY = 2;
				WRAPPER_EXTENSION = app;
			};
			name = Release;
		};
/* End XCBuildConfiguration section */

/* Begin XCConfigurationList section */
		A54FEA721808FD7F004BD309 /* Build configuration list for PBXProject "TextKit_LineNumbers" */ = {
			isa = XCConfigurationList;
			buildConfigurations = (
				A54FEAAA1808FD7F004BD309 /* Debug */,
				A54FEAAB1808FD7F004BD309 /* Release */,
			);
			defaultConfigurationIsVisible = 0;
			defaultConfigurationName = Release;
		};
		A54FEAAC1808FD7F004BD309 /* Build configuration list for PBXNativeTarget "TextKit_LineNumbers" */ = {
			isa = XCConfigurationList;
			buildConfigurations = (
				A54FEAAD1808FD7F004BD309 /* Debug */,
				A54FEAAE1808FD7F004BD309 /* Release */,
			);
			defaultConfigurationIsVisible = 0;
		};
/* End XCConfigurationList section */
	};
	rootObject = A54FEA6F1808FD7F004BD309 /* Project object */;
}
